<?xml version="1.0" encoding="utf-8"?>
<Project ToolsVersion="4.0" xmlns="http://schemas.microsoft.com/developer/msbuild/2003">
  <ItemGroup>
    <Filter Include="Archivos de origen">
      <UniqueIdentifier>{4FC737F1-C7A5-4376-A066-2A32D752A2FF}</UniqueIdentifier>
      <Extensions>cpp;c;cc;cxx;def;odl;idl;hpj;bat;asm;asmx</Extensions>
    </Filter>
    <Filter Include="Archivos de encabezado">
      <UniqueIdentifier>{93995380-89BD-4b04-88EB-625FBE52EBFB}</UniqueIdentifier>
      <Extensions>h;hh;hpp;hxx;hm;inl;inc;ipp;xsd</Extensions>
    </Filter>
    <Filter Include="Archivos de recursos">
      <UniqueIdentifier>{67DA6AB6-F800-4c08-8B7A-83BB121AAD01}</UniqueIdentifier>
      <Extensions>rc;ico;cur;bmp;dlg;rc2;rct;bin;rgs;gif;jpg;jpeg;jpe;resx;tiff;tif;png;wav;mfcribbon-ms</Extensions>
    </Filter>
    <Filter Include="Core">
      <UniqueIdentifier>{00b5c762-904b-4c4b-8a3c-14b8ee4a8b25}</UniqueIdentifier>
    </Filter>
    <Filter Include="Core\Init">
      <UniqueIdentifier>{8a7b0248-403e-4c54-9caf-c96976687e50}</UniqueIdentifier>
    </Filter>
    <Filter Include="Rendering">
      <UniqueIdentifier>{bd79842b-63b0-4e69-9cdb-ed6b54cedce2}</UniqueIdentifier>
    </Filter>
    <Filter Include="Rendering\Models">
      <UniqueIdentifier>{55088487-9ef0-4b7a-8117-7d94c093c0d3}</UniqueIdentifier>
    </Filter>
    <Filter Include="Managers">
      <UniqueIdentifier>{45dc17f5-62c4-4e5d-b84d-aa6164157c53}</UniqueIdentifier>
    </Filter>
  </ItemGroup>
  <ItemGroup>
    <ClCompile Include="main.cpp">
      <Filter>Archivos de origen</Filter>
    </ClCompile>
    <ClCompile Include="Core\Init\a.cpp">
      <Filter>Core\Init</Filter>
    </ClCompile>
    <ClCompile Include="Core\Init\Init_GLEW.cpp">
      <Filter>Core\Init</Filter>
    </ClCompile>
    <ClCompile Include="Core\Init\Init_GLUT.cpp">
      <Filter>Core\Init</Filter>
    </ClCompile>
    <ClCompile Include="Rendering\Models\Model.cpp">
      <Filter>Rendering\Models</Filter>
    </ClCompile>
    <ClCompile Include="Rendering\Models\Triangle.cpp">
      <Filter>Rendering\Models</Filter>
    </ClCompile>
    <ClCompile Include="Managers\Models_Manager.cpp">
      <Filter>Managers</Filter>
    </ClCompile>
    <ClCompile Include="Scene_Manager.cpp">
      <Filter>Managers</Filter>
    </ClCompile>
    <ClCompile Include="Shader_Manager.cpp">
      <Filter>Managers</Filter>
    </ClCompile>
    <ClCompile Include="Rendering\Models\quad.cpp">
      <Filter>Rendering\Models</Filter>
    </ClCompile>
  </ItemGroup>
  <ItemGroup>
    <None Include="..\..\..\lib\GL\freeglut.dll" />
    <None Include="..\..\..\lib\GL\freeglutd.dll" />
    <None Include="Vertex_Shader.glsl">
      <Filter>Archivos de origen</Filter>
    </None>
    <None Include="Fragment_Shader.glsl">
      <Filter>Archivos de origen</Filter>
    </None>
    <None Include="packages.config" />
    <None Include="ClassDiagram.cd" />
  </ItemGroup>
  <ItemGroup>
    <ClInclude Include="VertexFormat.h">
      <Filter>Archivos de origen</Filter>
    </ClInclude>
    <ClInclude Include="Core\Init\contextInfo.h">
      <Filter>Archivos de encabezado</Filter>
    </ClInclude>
    <ClInclude Include="Core\Init\framebufferInfo.h">
      <Filter>Archivos de encabezado</Filter>
    </ClInclude>
    <ClInclude Include="Core\Init\Init_GLEW.h">
      <Filter>Archivos de encabezado</Filter>
    </ClInclude>
    <ClInclude Include="Core\Init\Init_GLUT.h">
      <Filter>Archivos de encabezado</Filter>
    </ClInclude>
    <ClInclude Include="Core\Init\WindowInfo.h">
      <Filter>Archivos de encabezado</Filter>
    </ClInclude>
    <ClInclude Include="Core\Init\IListener.h">
      <Filter>Archivos de encabezado</Filter>
    </ClInclude>
    <ClInclude Include="Rendering\Models\Model.h">
      <Filter>Rendering\Models</Filter>
    </ClInclude>
    <ClInclude Include="Rendering\Models\Triangle.h">
      <Filter>Rendering\Models</Filter>
    </ClInclude>
    <ClInclude Include="Managers\Models_Manager.h">
      <Filter>Managers</Filter>
    </ClInclude>
    <ClInclude Include="Rendering\IGameObject.h">
      <Filter>Rendering</Filter>
    </ClInclude>
    <ClInclude Include="Scene_Manager.h">
      <Filter>Managers</Filter>
    </ClInclude>
    <ClInclude Include="Shader_Manager.h">
      <Filter>Managers</Filter>
    </ClInclude>
    <ClInclude Include="Rendering\Models\quad.h">
      <Filter>Rendering\Models</Filter>
    </ClInclude>
  </ItemGroup>
</Project>