
Microsoft Visual Studio Solution File, Format Version 12.00
# Visual Studio Version 16
VisualStudioVersion = 16.0.28803.202
MinimumVisualStudioVersion = 10.0.40219.1
Project("{8BC9CEB8-8B4A-11D0-8D11-00A0C91BC942}") = "GLTest2020", "GLTest2020.vcxproj", "{590E2EBF-DDE2-4B8A-99CB-AD4EF21EC378}"
EndProject
Global
	GlobalSection(SolutionConfigurationPlatforms) = preSolution
		Debug|x64 = Debug|x64
		Debug|x86 = Debug|x86
		Release|x64 = Release|x64
		Release|x86 = Release|x86
	EndGlobalSection
	GlobalSection(ProjectConfigurationPlatforms) = postSolution
		{590E2EBF-DDE2-4B8A-99CB-AD4EF21EC378}.Debug|x64.ActiveCfg = Debug|x64
		{590E2EBF-DDE2-4B8A-99CB-AD4EF21EC378}.Debug|x64.Build.0 = Debug|x64
		{590E2EBF-DDE2-4B8A-99CB-AD4EF21EC378}.Debug|x86.ActiveCfg = Debug|Win32
		{590E2EBF-DDE2-4B8A-99CB-AD4EF21EC378}.Debug|x86.Build.0 = Debug|Win32
		{590E2EBF-DDE2-4B8A-99CB-AD4EF21EC378}.Release|x64.ActiveCfg = Release|x64
		{590E2EBF-DDE2-4B8A-99CB-AD4EF21EC378}.Release|x64.Build.0 = Release|x64
		{590E2EBF-DDE2-4B8A-99CB-AD4EF21EC378}.Release|x86.ActiveCfg = Release|Win32
		{590E2EBF-DDE2-4B8A-99CB-AD4EF21EC378}.Release|x86.Build.0 = Release|Win32
	EndGlobalSection
	GlobalSection(SolutionProperties) = preSolution
		HideSolutionNode = FALSE
	EndGlobalSection
	GlobalSection(ExtensibilityGlobals) = postSolution
		SolutionGuid = {07E09BF7-1C79-47EA-9751-C31459983692}
	EndGlobalSection
EndGlobal
